
Microsoft Visual Studio Solution File, Format Version 12.00
# Visual Studio Version 17
VisualStudioVersion = 17.3.32901.215
MinimumVisualStudioVersion = 10.0.40219.1
Project("{FAE04EC0-301F-11D3-BF4B-00C04F79EFBC}") = "ExportingImage", "ExportingImage\ExportingImage.csproj", "{566BA601-F795-4C83-9E92-F48E64C4AE17}"
EndProject
Global
	GlobalSection(SolutionConfigurationPlatforms) = preSolution
		Debug|Any CPU = Debug|Any CPU
		Release|Any CPU = Release|Any CPU
	EndGlobalSection
	GlobalSection(ProjectConfigurationPlatforms) = postSolution
		{566BA601-F795-4C83-9E92-F48E64C4AE17}.Debug|Any CPU.ActiveCfg = Debug|Any CPU
		{566BA601-F795-4C83-9E92-F48E64C4AE17}.Debug|Any CPU.Build.0 = Debug|Any CPU
		{566BA601-F795-4C83-9E92-F48E64C4AE17}.Release|Any CPU.ActiveCfg = Release|Any CPU
		{566BA601-F795-4C83-9E92-F48E64C4AE17}.Release|Any CPU.Build.0 = Release|Any CPU
	EndGlobalSection
	GlobalSection(SolutionProperties) = preSolution
		HideSolutionNode = FALSE
	EndGlobalSection
	GlobalSection(ExtensibilityGlobals) = postSolution
		SolutionGuid = {FA1A59F9-8D9D-4756-BE6D-53D3BDE3B7F4}
	EndGlobalSection
EndGlobal
